<?xml version="1.0" encoding="utf-8"?>
<Project ToolsVersion="4.0" xmlns="http://schemas.microsoft.com/developer/msbuild/2003">
  <ItemGroup>
    <Filter Include="Source Files">
      <UniqueIdentifier>{4FC737F1-C7A5-4376-A066-2A32D752A2FF}</UniqueIdentifier>
      <Extensions>cpp;c;cc;cxx;def;odl;idl;hpj;bat;asm;asmx</Extensions>
    </Filter>
    <Filter Include="Header Files">
      <UniqueIdentifier>{93995380-89BD-4b04-88EB-625FBE52EBFB}</UniqueIdentifier>
      <Extensions>h;hh;hpp;hxx;hm;inl;inc;xsd</Extensions>
    </Filter>
    <Filter Include="Resource Files">
      <UniqueIdentifier>{67DA6AB6-F800-4c08-8B7A-83BB121AAD01}</UniqueIdentifier>
      <Extensions>rc;ico;cur;bmp;dlg;rc2;rct;bin;rgs;gif;jpg;jpeg;jpe;resx;tiff;tif;png;wav;mfcribbon-ms</Extensions>
    </Filter>
    <Filter Include="Source Files\main">
      <UniqueIdentifier>{d53af4c8-1fdc-4102-819a-c1705bdabdbf}</UniqueIdentifier>
    </Filter>
    <Filter Include="Source Files\curve">
      <UniqueIdentifier>{6b09fa20-3efc-40bb-b3b3-6a7aaf95cfa2}</UniqueIdentifier>
    </Filter>
    <Filter Include="Source Files\file">
      <UniqueIdentifier>{f1974140-5afe-491d-9edf-e4572cf2a43b}</UniqueIdentifier>
    </Filter>
    <Filter Include="Header Files\file">
      <UniqueIdentifier>{d02d0ab4-783c-47d1-a81f-5bfc215b77d5}</UniqueIdentifier>
    </Filter>
    <Filter Include="Header Files\curve">
      <UniqueIdentifier>{9674ce2c-20b2-4e4f-9a92-54436a65571b}</UniqueIdentifier>
    </Filter>
    <Filter Include="Source Files\server">
      <UniqueIdentifier>{1601eca0-92ea-4f2e-9869-7d950aac2f3d}</UniqueIdentifier>
    </Filter>
    <Filter Include="Header Files\server">
      <UniqueIdentifier>{9d1795e6-4afa-49c0-8da9-a6333b3d8fbd}</UniqueIdentifier>
    </Filter>
    <Filter Include="Header Files\database">
      <UniqueIdentifier>{f13b41e4-3acd-4884-affd-00f93f61a788}</UniqueIdentifier>
    </Filter>
    <Filter Include="Source Files\database">
      <UniqueIdentifier>{5b75f77d-80e5-48dc-920c-a3244590f16a}</UniqueIdentifier>
    </Filter>
    <Filter Include="Header Files\log">
      <UniqueIdentifier>{f73cdaa2-51ee-447f-ab89-a65e1d097299}</UniqueIdentifier>
    </Filter>
    <Filter Include="Source Files\log">
      <UniqueIdentifier>{81071cfa-28df-483c-9046-4901c0fd754f}</UniqueIdentifier>
    </Filter>
  </ItemGroup>
  <ItemGroup>
    <ClCompile Include="main.cpp">
      <Filter>Source Files\main</Filter>
    </ClCompile>
    <ClCompile Include="GeneralizationCurve.cpp">
      <Filter>Source Files\curve</Filter>
    </ClCompile>
    <ClCompile Include="GeneralizationServer.cpp">
      <Filter>Source Files\server</Filter>
    </ClCompile>
    <ClCompile Include="GeneralizationRequestCurve.cpp">
      <Filter>Source Files\server</Filter>
    </ClCompile>
    <ClCompile Include="GeneraliztionFile.cpp">
      <Filter>Source Files\file</Filter>
    </ClCompile>
    <ClCompile Include="GeneralizationWorkerInvoke.cpp">
      <Filter>Source Files</Filter>
    </ClCompile>
    <ClCompile Include="GeneralizationWorker.cpp">
      <Filter>Source Files</Filter>
    </ClCompile>
    <ClCompile Include="GeneralizationDataBase.cpp">
      <Filter>Source Files\database</Filter>
    </ClCompile>
    <ClCompile Include="GeneralizationDataBaseLoadFuncs.cpp">
      <Filter>Source Files\database</Filter>
    </ClCompile>
    <ClCompile Include="GeneralizationProgramOpt.cpp">
      <Filter>Source Files</Filter>
    </ClCompile>
    <ClCompile Include="GeneralizationLogging.cpp">
      <Filter>Source Files\log</Filter>
    </ClCompile>
  </ItemGroup>
  <ItemGroup>
    <ClInclude Include="GeneralizationFile.h">
      <Filter>Header Files\file</Filter>
    </ClInclude>
    <ClInclude Include="GeneralizationCurve.h">
      <Filter>Header Files\curve</Filter>
    </ClInclude>
    <ClInclude Include="common.h">
      <Filter>Header Files</Filter>
    </ClInclude>
    <ClInclude Include="GeneralizationServer.h">
      <Filter>Header Files\server</Filter>
    </ClInclude>
    <ClInclude Include="GeneralizationRequestCurve.h">
      <Filter>Header Files\server</Filter>
    </ClInclude>
    <ClInclude Include="Thread.h">
      <Filter>Header Files</Filter>
    </ClInclude>
    <ClInclude Include="GeneralizationWorkerInvoke.h">
      <Filter>Header Files</Filter>
    </ClInclude>
    <ClInclude Include="GeneralizationWorker.h">
      <Filter>Header Files</Filter>
    </ClInclude>
    <ClInclude Include="GeneralizationDataBase.h">
      <Filter>Header Files\database</Filter>
    </ClInclude>
    <ClInclude Include="GeneralizationDataBaseLoadFuncs.h">
      <Filter>Header Files\database</Filter>
    </ClInclude>
    <ClInclude Include="GeneralizationProgramOpt.h">
      <Filter>Header Files</Filter>
    </ClInclude>
    <ClInclude Include="GeneralizationLogging.h">
      <Filter>Header Files\log</Filter>
    </ClInclude>
  </ItemGroup>
</Project>